
Microsoft Visual Studio Solution File, Format Version 12.00
# Visual Studio Version 17
VisualStudioVersion = 17.1.32210.238
MinimumVisualStudioVersion = 10.0.40219.1
Project("{9A19103F-16F7-4668-BE54-9A1E7A4F7556}") = "WebAPI", "WebAPI\WebAPI.csproj", "{BB2F267F-2AD3-4373-A1C4-778E1AFB3369}"
EndProject
Project("{FAE04EC0-301F-11D3-BF4B-00C04F79EFBC}") = "TestWebAPI", "TestWebAPI\TestWebAPI.csproj", "{29BA414A-5886-4605-AB5D-C1633B45D754}"
EndProject
Global
	GlobalSection(SolutionConfigurationPlatforms) = preSolution
		Debug|Any CPU = Debug|Any CPU
		Release|Any CPU = Release|Any CPU
	EndGlobalSection
	GlobalSection(ProjectConfigurationPlatforms) = postSolution
		{BB2F267F-2AD3-4373-A1C4-778E1AFB3369}.Debug|Any CPU.ActiveCfg = Debug|Any CPU
		{BB2F267F-2AD3-4373-A1C4-778E1AFB3369}.Debug|Any CPU.Build.0 = Debug|Any CPU
		{BB2F267F-2AD3-4373-A1C4-778E1AFB3369}.Release|Any CPU.ActiveCfg = Release|Any CPU
		{BB2F267F-2AD3-4373-A1C4-778E1AFB3369}.Release|Any CPU.Build.0 = Release|Any CPU
		{29BA414A-5886-4605-AB5D-C1633B45D754}.Debug|Any CPU.ActiveCfg = Debug|Any CPU
		{29BA414A-5886-4605-AB5D-C1633B45D754}.Debug|Any CPU.Build.0 = Debug|Any CPU
		{29BA414A-5886-4605-AB5D-C1633B45D754}.Release|Any CPU.ActiveCfg = Release|Any CPU
		{29BA414A-5886-4605-AB5D-C1633B45D754}.Release|Any CPU.Build.0 = Release|Any CPU
	EndGlobalSection
	GlobalSection(SolutionProperties) = preSolution
		HideSolutionNode = FALSE
	EndGlobalSection
	GlobalSection(ExtensibilityGlobals) = postSolution
		SolutionGuid = {293496AD-6013-49B9-B1A5-3C05DB3D82CE}
	EndGlobalSection
EndGlobal
